
Microsoft Visual Studio Solution File, Format Version 12.00
# Visual Studio Version 16
VisualStudioVersion = 16.0.29519.181
MinimumVisualStudioVersion = 10.0.40219.1
Project("{2150E333-8FDC-42A3-9474-1A3956D46DE8}") = "1 Source", "1 Source", "{0D9BE49A-0D84-4F6A-BCDD-05709431D968}"
EndProject
Project("{2150E333-8FDC-42A3-9474-1A3956D46DE8}") = "2 Tests", "2 Tests", "{E8E7D3DE-84D0-4033-B9B4-6ABBB5D0891A}"
	ProjectSection(SolutionItems) = preProject
		Tests\DickinsonBros.Encryption.JWT.Abstractions.runsettings = Tests\DickinsonBros.Encryption.JWT.Abstractions.runsettings
	EndProjectSection
EndProject
Project("{2150E333-8FDC-42A3-9474-1A3956D46DE8}") = "3 Scripts", "3 Scripts", "{5A0AE7D6-E9E3-4E95-A202-390C442B3D62}"
	ProjectSection(SolutionItems) = preProject
		Scripts\Prerelease.DickinsonBros.Encryption.JWT.Abstractions.ps1 = Scripts\Prerelease.DickinsonBros.Encryption.JWT.Abstractions.ps1
		Scripts\Publish.yml = Scripts\Publish.yml
		Scripts\Test.yml = Scripts\Test.yml
	EndProjectSection
EndProject
Project("{9A19103F-16F7-4668-BE54-9A1E7A4F7556}") = "DickinsonBros.Encryption.JWT.Abstractions", "Source\DickinsonBros.Encryption.JWT.Abstractions\DickinsonBros.Encryption.JWT.Abstractions.csproj", "{CDE2D4CE-015D-42F6-AAAD-3CAAB54F29AD}"
EndProject
Project("{9A19103F-16F7-4668-BE54-9A1E7A4F7556}") = "DickinsonBros.Encryption.JWT.Abstractions.Tests", "Tests\DickinsonBros.Encryption.JWT.Abstractions.Tests\DickinsonBros.Encryption.JWT.Abstractions.Tests.csproj", "{53DA1164-276C-43F3-A87D-F5A1356F64B2}"
EndProject
Global
	GlobalSection(SolutionConfigurationPlatforms) = preSolution
		Debug|Any CPU = Debug|Any CPU
		Release|Any CPU = Release|Any CPU
	EndGlobalSection
	GlobalSection(ProjectConfigurationPlatforms) = postSolution
		{CDE2D4CE-015D-42F6-AAAD-3CAAB54F29AD}.Debug|Any CPU.ActiveCfg = Debug|Any CPU
		{CDE2D4CE-015D-42F6-AAAD-3CAAB54F29AD}.Debug|Any CPU.Build.0 = Debug|Any CPU
		{CDE2D4CE-015D-42F6-AAAD-3CAAB54F29AD}.Release|Any CPU.ActiveCfg = Release|Any CPU
		{CDE2D4CE-015D-42F6-AAAD-3CAAB54F29AD}.Release|Any CPU.Build.0 = Release|Any CPU
		{53DA1164-276C-43F3-A87D-F5A1356F64B2}.Debug|Any CPU.ActiveCfg = Debug|Any CPU
		{53DA1164-276C-43F3-A87D-F5A1356F64B2}.Debug|Any CPU.Build.0 = Debug|Any CPU
		{53DA1164-276C-43F3-A87D-F5A1356F64B2}.Release|Any CPU.ActiveCfg = Release|Any CPU
		{53DA1164-276C-43F3-A87D-F5A1356F64B2}.Release|Any CPU.Build.0 = Release|Any CPU
	EndGlobalSection
	GlobalSection(SolutionProperties) = preSolution
		HideSolutionNode = FALSE
	EndGlobalSection
	GlobalSection(NestedProjects) = preSolution
		{CDE2D4CE-015D-42F6-AAAD-3CAAB54F29AD} = {0D9BE49A-0D84-4F6A-BCDD-05709431D968}
		{53DA1164-276C-43F3-A87D-F5A1356F64B2} = {E8E7D3DE-84D0-4033-B9B4-6ABBB5D0891A}
	EndGlobalSection
	GlobalSection(ExtensibilityGlobals) = postSolution
		SolutionGuid = {12ECAFE3-2BB6-4BA5-A6FD-5FAA766C0FFE}
	EndGlobalSection
EndGlobal
